{
  "name": "speeder-reader-backend",
  "version": "1.0.0",
  "lockfileVersion": 3,
  "requires": true,
  "packages": {
    "": {
      "name": "speeder-reader-backend",
      "version": "1.0.0",
      "dependencies": {
        "@ampt/sdk": "latest"
      }
    },
    "node_modules/@ampt/sdk": {
      "version": "1.0.20",
      "resolved": "https://registry.npmjs.org/@ampt/sdk/-/sdk-1.0.20.tgz",
      "integrity": "sha512-XYVrg10nLCP24xr7Q3zsca7lMNL7Kiido/u04njkK1p6HyLs9Gvnqsn1Vbs7FSR0bhxsphZVGS1b/r6UfSIoYw=="
    }
  }
}
